
Microsoft Visual Studio Solution File, Format Version 12.00
# Visual Studio Version 16
VisualStudioVersion = 16.0.31205.134
MinimumVisualStudioVersion = 10.0.40219.1
Project("{FAE04EC0-301F-11D3-BF4B-00C04F79EFBC}") = "_201501003_Nurullah_Kucuk", "_201501003_Nurullah_Kucuk\_201501003_Nurullah_Kucuk.csproj", "{1623BF3E-7203-4D9D-9933-EFB05F00906C}"
EndProject
Global
	GlobalSection(SolutionConfigurationPlatforms) = preSolution
		Debug|Any CPU = Debug|Any CPU
		Release|Any CPU = Release|Any CPU
	EndGlobalSection
	GlobalSection(ProjectConfigurationPlatforms) = postSolution
		{1623BF3E-7203-4D9D-9933-EFB05F00906C}.Debug|Any CPU.ActiveCfg = Debug|Any CPU
		{1623BF3E-7203-4D9D-9933-EFB05F00906C}.Debug|Any CPU.Build.0 = Debug|Any CPU
		{1623BF3E-7203-4D9D-9933-EFB05F00906C}.Release|Any CPU.ActiveCfg = Release|Any CPU
		{1623BF3E-7203-4D9D-9933-EFB05F00906C}.Release|Any CPU.Build.0 = Release|Any CPU
	EndGlobalSection
	GlobalSection(SolutionProperties) = preSolution
		HideSolutionNode = FALSE
	EndGlobalSection
	GlobalSection(ExtensibilityGlobals) = postSolution
		SolutionGuid = {59B89045-19B5-4393-86F2-3E3242064521}
	EndGlobalSection
EndGlobal
